// !$*UTF8*$!
{
	archiveVersion = 1;
	classes = {
	};
	objectVersion = 56;
	objects = {

/* Begin PBXBuildFile section */
		271A09E32AA1741600C0870D /* SettingsView.swift in Sources */ = {isa = PBXBuildFile; fileRef = 271A09E22AA1741600C0870D /* SettingsView.swift */; };
		271A09E72AA1759400C0870D /* Setting.swift in Sources */ = {isa = PBXBuildFile; fileRef = 271A09E62AA1759400C0870D /* Setting.swift */; };
		271A09EE2AA209C600C0870D /* OpenAIKit in Frameworks */ = {isa = PBXBuildFile; productRef = 271A09ED2AA209C600C0870D /* OpenAIKit */; };
		271A09F22AA2341E00C0870D /* ChatViewModel.swift in Sources */ = {isa = PBXBuildFile; fileRef = 271A09F12AA2341E00C0870D /* ChatViewModel.swift */; };
		27442FE32AA79F8B00209981 /* DynamicDotView.swift in Sources */ = {isa = PBXBuildFile; fileRef = 27442FE22AA79F8B00209981 /* DynamicDotView.swift */; };
		2764E7DD2A9960F400A0A903 /* AppEntry.swift in Sources */ = {isa = PBXBuildFile; fileRef = 2764E7DC2A9960F400A0A903 /* AppEntry.swift */; };
		2764E7DF2A9960F400A0A903 /* MainView.swift in Sources */ = {isa = PBXBuildFile; fileRef = 2764E7DE2A9960F400A0A903 /* MainView.swift */; };
		2764E7E12A9960F700A0A903 /* Assets.xcassets in Resources */ = {isa = PBXBuildFile; fileRef = 2764E7E02A9960F700A0A903 /* Assets.xcassets */; };
		2764E7E42A9960F700A0A903 /* Preview Assets.xcassets in Resources */ = {isa = PBXBuildFile; fileRef = 2764E7E32A9960F700A0A903 /* Preview Assets.xcassets */; };
		2764E7EC2A9979C100A0A903 /* ModelSelectorView.swift in Sources */ = {isa = PBXBuildFile; fileRef = 2764E7EB2A9979C100A0A903 /* ModelSelectorView.swift */; };
		2764E7F02A9985E800A0A903 /* InputView.swift in Sources */ = {isa = PBXBuildFile; fileRef = 2764E7EF2A9985E800A0A903 /* InputView.swift */; };
		2764E7F32A99A2DF00A0A903 /* GPTModel.swift in Sources */ = {isa = PBXBuildFile; fileRef = 2764E7F22A99A2DF00A0A903 /* GPTModel.swift */; };
		2764E7F52A99D0DF00A0A903 /* ModelDetailsView.swift in Sources */ = {isa = PBXBuildFile; fileRef = 2764E7F42A99D0DF00A0A903 /* ModelDetailsView.swift */; };
		2764E7F92A9A473800A0A903 /* InputIconView.swift in Sources */ = {isa = PBXBuildFile; fileRef = 2764E7F82A9A473800A0A903 /* InputIconView.swift */; };
		2764E7FC2A9A5CAD00A0A903 /* ExampleCardView.swift in Sources */ = {isa = PBXBuildFile; fileRef = 2764E7FB2A9A5CAD00A0A903 /* ExampleCardView.swift */; };
		2764E7FE2A9A6A7400A0A903 /* ExamplesView.swift in Sources */ = {isa = PBXBuildFile; fileRef = 2764E7FD2A9A6A7400A0A903 /* ExamplesView.swift */; };
		2764E8012A9A841900A0A903 /* MenuIconView.swift in Sources */ = {isa = PBXBuildFile; fileRef = 2764E8002A9A841900A0A903 /* MenuIconView.swift */; };
		2764E8032A9AD09500A0A903 /* ChatView.swift in Sources */ = {isa = PBXBuildFile; fileRef = 2764E8022A9AD09500A0A903 /* ChatView.swift */; };
		2764E8052A9BEB3800A0A903 /* NavbarView.swift in Sources */ = {isa = PBXBuildFile; fileRef = 2764E8042A9BEB3800A0A903 /* NavbarView.swift */; };
		2764E80A2A9C136400A0A903 /* ModelButtonView.swift in Sources */ = {isa = PBXBuildFile; fileRef = 2764E8092A9C136400A0A903 /* ModelButtonView.swift */; };
		2764E80C2A9C19B600A0A903 /* PromptExample.swift in Sources */ = {isa = PBXBuildFile; fileRef = 2764E80B2A9C19B600A0A903 /* PromptExample.swift */; };
		2764E8122A9D515C00A0A903 /* MenuView.swift in Sources */ = {isa = PBXBuildFile; fileRef = 2764E8112A9D515C00A0A903 /* MenuView.swift */; };
		2764E8152A9D51A400A0A903 /* MenuItem.swift in Sources */ = {isa = PBXBuildFile; fileRef = 2764E8142A9D51A400A0A903 /* MenuItem.swift */; };
		2764E8172A9D521E00A0A903 /* MenuItemView.swift in Sources */ = {isa = PBXBuildFile; fileRef = 2764E8162A9D521E00A0A903 /* MenuItemView.swift */; };
		2764E8192A9F20E500A0A903 /* Orientation.swift in Sources */ = {isa = PBXBuildFile; fileRef = 2764E8182A9F20E500A0A903 /* Orientation.swift */; };
		27A9FBEE2AA6C65600DB9C31 /* SettingsModel.swift in Sources */ = {isa = PBXBuildFile; fileRef = 27A9FBED2AA6C65600DB9C31 /* SettingsModel.swift */; };
		27C687462AA2AD62005D0246 /* ChatCardView.swift in Sources */ = {isa = PBXBuildFile; fileRef = 27C687452AA2AD62005D0246 /* ChatCardView.swift */; };
/* End PBXBuildFile section */

/* Begin PBXFileReference section */
		271A09E22AA1741600C0870D /* SettingsView.swift */ = {isa = PBXFileReference; lastKnownFileType = sourcecode.swift; path = SettingsView.swift; sourceTree = "<group>"; };
		271A09E62AA1759400C0870D /* Setting.swift */ = {isa = PBXFileReference; lastKnownFileType = sourcecode.swift; path = Setting.swift; sourceTree = "<group>"; };
		271A09EB2AA1F74D00C0870D /* Info.plist */ = {isa = PBXFileReference; lastKnownFileType = text.plist; path = Info.plist; sourceTree = "<group>"; };
		271A09F12AA2341E00C0870D /* ChatViewModel.swift */ = {isa = PBXFileReference; lastKnownFileType = sourcecode.swift; path = ChatViewModel.swift; sourceTree = "<group>"; };
		27442FE22AA79F8B00209981 /* DynamicDotView.swift */ = {isa = PBXFileReference; lastKnownFileType = sourcecode.swift; path = DynamicDotView.swift; sourceTree = "<group>"; };
		275E44192AA57154004247B8 /* Config.xcconfig */ = {isa = PBXFileReference; lastKnownFileType = text.xcconfig; path = Config.xcconfig; sourceTree = "<group>"; };
		2764E7D92A9960F400A0A903 /* MaxGPT.app */ = {isa = PBXFileReference; explicitFileType = wrapper.application; includeInIndex = 0; path = MaxGPT.app; sourceTree = BUILT_PRODUCTS_DIR; };
		2764E7DC2A9960F400A0A903 /* AppEntry.swift */ = {isa = PBXFileReference; lastKnownFileType = sourcecode.swift; path = AppEntry.swift; sourceTree = "<group>"; };
		2764E7DE2A9960F400A0A903 /* MainView.swift */ = {isa = PBXFileReference; lastKnownFileType = sourcecode.swift; path = MainView.swift; sourceTree = "<group>"; };
		2764E7E02A9960F700A0A903 /* Assets.xcassets */ = {isa = PBXFileReference; lastKnownFileType = folder.assetcatalog; path = Assets.xcassets; sourceTree = "<group>"; };
		2764E7E32A9960F700A0A903 /* Preview Assets.xcassets */ = {isa = PBXFileReference; lastKnownFileType = folder.assetcatalog; path = "Preview Assets.xcassets"; sourceTree = "<group>"; };
		2764E7EB2A9979C100A0A903 /* ModelSelectorView.swift */ = {isa = PBXFileReference; lastKnownFileType = sourcecode.swift; path = ModelSelectorView.swift; sourceTree = "<group>"; };
		2764E7EF2A9985E800A0A903 /* InputView.swift */ = {isa = PBXFileReference; lastKnownFileType = sourcecode.swift; path = InputView.swift; sourceTree = "<group>"; };
		2764E7F22A99A2DF00A0A903 /* GPTModel.swift */ = {isa = PBXFileReference; lastKnownFileType = sourcecode.swift; path = GPTModel.swift; sourceTree = "<group>"; };
		2764E7F42A99D0DF00A0A903 /* ModelDetailsView.swift */ = {isa = PBXFileReference; lastKnownFileType = sourcecode.swift; path = ModelDetailsView.swift; sourceTree = "<group>"; };
		2764E7F82A9A473800A0A903 /* InputIconView.swift */ = {isa = PBXFileReference; lastKnownFileType = sourcecode.swift; path = InputIconView.swift; sourceTree = "<group>"; };
		2764E7FB2A9A5CAD00A0A903 /* ExampleCardView.swift */ = {isa = PBXFileReference; lastKnownFileType = sourcecode.swift; path = ExampleCardView.swift; sourceTree = "<group>"; };
		2764E7FD2A9A6A7400A0A903 /* ExamplesView.swift */ = {isa = PBXFileReference; lastKnownFileType = sourcecode.swift; path = ExamplesView.swift; sourceTree = "<group>"; };
		2764E8002A9A841900A0A903 /* MenuIconView.swift */ = {isa = PBXFileReference; lastKnownFileType = sourcecode.swift; path = MenuIconView.swift; sourceTree = "<group>"; };
		2764E8022A9AD09500A0A903 /* ChatView.swift */ = {isa = PBXFileReference; lastKnownFileType = sourcecode.swift; path = ChatView.swift; sourceTree = "<group>"; };
		2764E8042A9BEB3800A0A903 /* NavbarView.swift */ = {isa = PBXFileReference; lastKnownFileType = sourcecode.swift; path = NavbarView.swift; sourceTree = "<group>"; };
		2764E8092A9C136400A0A903 /* ModelButtonView.swift */ = {isa = PBXFileReference; lastKnownFileType = sourcecode.swift; path = ModelButtonView.swift; sourceTree = "<group>"; };
		2764E80B2A9C19B600A0A903 /* PromptExample.swift */ = {isa = PBXFileReference; lastKnownFileType = sourcecode.swift; path = PromptExample.swift; sourceTree = "<group>"; };
		2764E8112A9D515C00A0A903 /* MenuView.swift */ = {isa = PBXFileReference; lastKnownFileType = sourcecode.swift; path = MenuView.swift; sourceTree = "<group>"; };
		2764E8142A9D51A400A0A903 /* MenuItem.swift */ = {isa = PBXFileReference; lastKnownFileType = sourcecode.swift; path = MenuItem.swift; sourceTree = "<group>"; };
		2764E8162A9D521E00A0A903 /* MenuItemView.swift */ = {isa = PBXFileReference; lastKnownFileType = sourcecode.swift; path = MenuItemView.swift; sourceTree = "<group>"; };
		2764E8182A9F20E500A0A903 /* Orientation.swift */ = {isa = PBXFileReference; lastKnownFileType = sourcecode.swift; path = Orientation.swift; sourceTree = "<group>"; };
		27A9FBED2AA6C65600DB9C31 /* SettingsModel.swift */ = {isa = PBXFileReference; lastKnownFileType = sourcecode.swift; path = SettingsModel.swift; sourceTree = "<group>"; };
		27C687452AA2AD62005D0246 /* ChatCardView.swift */ = {isa = PBXFileReference; lastKnownFileType = sourcecode.swift; path = ChatCardView.swift; sourceTree = "<group>"; };
/* End PBXFileReference section */

/* Begin PBXFrameworksBuildPhase section */
		2764E7D62A9960F400A0A903 /* Frameworks */ = {
			isa = PBXFrameworksBuildPhase;
			buildActionMask = 2147483647;
			files = (
				271A09EE2AA209C600C0870D /* OpenAIKit in Frameworks */,
			);
			runOnlyForDeploymentPostprocessing = 0;
		};
/* End PBXFrameworksBuildPhase section */

/* Begin PBXGroup section */
		271A09E12AA173E400C0870D /* Settings */ = {
			isa = PBXGroup;
			children = (
				271A09E22AA1741600C0870D /* SettingsView.swift */,
			);
			path = Settings;
			sourceTree = "<group>";
		};
		2764E7D02A9960F400A0A903 = {
			isa = PBXGroup;
			children = (
				2764E7DB2A9960F400A0A903 /* MaxGPT */,
				2764E7DA2A9960F400A0A903 /* Products */,
			);
			sourceTree = "<group>";
		};
		2764E7DA2A9960F400A0A903 /* Products */ = {
			isa = PBXGroup;
			children = (
				2764E7D92A9960F400A0A903 /* MaxGPT.app */,
			);
			name = Products;
			sourceTree = "<group>";
		};
		2764E7DB2A9960F400A0A903 /* MaxGPT */ = {
			isa = PBXGroup;
			children = (
				2764E7DC2A9960F400A0A903 /* AppEntry.swift */,
				275E44192AA57154004247B8 /* Config.xcconfig */,
				271A09EB2AA1F74D00C0870D /* Info.plist */,
				2764E7F12A99A2BE00A0A903 /* Models */,
				2764E7EA2A99798500A0A903 /* Views */,
				27BA41922AA5A2B500419937 /* Themes */,
				27A583CA2AAA60C400177D94 /* Utilities */,
				2764E7E02A9960F700A0A903 /* Assets.xcassets */,
				2764E7E22A9960F700A0A903 /* Preview Content */,
			);
			path = MaxGPT;
			sourceTree = "<group>";
		};
		2764E7E22A9960F700A0A903 /* Preview Content */ = {
			isa = PBXGroup;
			children = (
				2764E7E32A9960F700A0A903 /* Preview Assets.xcassets */,
			);
			path = "Preview Content";
			sourceTree = "<group>";
		};
		2764E7EA2A99798500A0A903 /* Views */ = {
			isa = PBXGroup;
			children = (
				2764E7DE2A9960F400A0A903 /* MainView.swift */,
				2772AE402AA2ACC200CA845F /* Chat */,
				271A09E12AA173E400C0870D /* Settings */,
				2764E7FF2A9A7DDA00A0A903 /* Examples */,
				2764E7F72A9A46FC00A0A903 /* Input */,
				2764E7F62A99DA3200A0A903 /* NavBar */,
			);
			path = Views;
			sourceTree = "<group>";
		};
		2764E7F12A99A2BE00A0A903 /* Models */ = {
			isa = PBXGroup;
			children = (
				2764E7F22A99A2DF00A0A903 /* GPTModel.swift */,
				2764E80B2A9C19B600A0A903 /* PromptExample.swift */,
				2764E8142A9D51A400A0A903 /* MenuItem.swift */,
				2764E8182A9F20E500A0A903 /* Orientation.swift */,
				271A09E62AA1759400C0870D /* Setting.swift */,
				271A09F12AA2341E00C0870D /* ChatViewModel.swift */,
				27A9FBED2AA6C65600DB9C31 /* SettingsModel.swift */,
			);
			path = Models;
			sourceTree = "<group>";
		};
		2764E7F62A99DA3200A0A903 /* NavBar */ = {
			isa = PBXGroup;
			children = (
				2764E8102A9D514600A0A903 /* Menu */,
				2764E8042A9BEB3800A0A903 /* NavbarView.swift */,
				2764E8092A9C136400A0A903 /* ModelButtonView.swift */,
				2764E7F42A99D0DF00A0A903 /* ModelDetailsView.swift */,
			);
			path = NavBar;
			sourceTree = "<group>";
		};
		2764E7F72A9A46FC00A0A903 /* Input */ = {
			isa = PBXGroup;
			children = (
				2764E7EF2A9985E800A0A903 /* InputView.swift */,
				2764E7F82A9A473800A0A903 /* InputIconView.swift */,
			);
			path = Input;
			sourceTree = "<group>";
		};
		2764E7FF2A9A7DDA00A0A903 /* Examples */ = {
			isa = PBXGroup;
			children = (
				2764E7FB2A9A5CAD00A0A903 /* ExampleCardView.swift */,
				2764E7FD2A9A6A7400A0A903 /* ExamplesView.swift */,
			);
			path = Examples;
			sourceTree = "<group>";
		};
		2764E8102A9D514600A0A903 /* Menu */ = {
			isa = PBXGroup;
			children = (
				2764E8162A9D521E00A0A903 /* MenuItemView.swift */,
				2764E8002A9A841900A0A903 /* MenuIconView.swift */,
				2764E7EB2A9979C100A0A903 /* ModelSelectorView.swift */,
				2764E8112A9D515C00A0A903 /* MenuView.swift */,
			);
			path = Menu;
			sourceTree = "<group>";
		};
		2772AE402AA2ACC200CA845F /* Chat */ = {
			isa = PBXGroup;
			children = (
				2764E8022A9AD09500A0A903 /* ChatView.swift */,
				27C687452AA2AD62005D0246 /* ChatCardView.swift */,
				27442FE22AA79F8B00209981 /* DynamicDotView.swift */,
			);
			path = Chat;
			sourceTree = "<group>";
		};
		27A583CA2AAA60C400177D94 /* Utilities */ = {
			isa = PBXGroup;
			children = (
			);
			path = Utilities;
			sourceTree = "<group>";
		};
		27BA41922AA5A2B500419937 /* Themes */ = {
			isa = PBXGroup;
			children = (
			);
			path = Themes;
			sourceTree = "<group>";
		};
/* End PBXGroup section */

/* Begin PBXNativeTarget section */
		2764E7D82A9960F400A0A903 /* MaxGPT */ = {
			isa = PBXNativeTarget;
			buildConfigurationList = 2764E7E72A9960F700A0A903 /* Build configuration list for PBXNativeTarget "MaxGPT" */;
			buildPhases = (
				2764E7D52A9960F400A0A903 /* Sources */,
				2764E7D62A9960F400A0A903 /* Frameworks */,
				2764E7D72A9960F400A0A903 /* Resources */,
			);
			buildRules = (
			);
			dependencies = (
			);
			name = MaxGPT;
			packageProductDependencies = (
				271A09ED2AA209C600C0870D /* OpenAIKit */,
			);
			productName = ChatGPT;
			productReference = 2764E7D92A9960F400A0A903 /* MaxGPT.app */;
			productType = "com.apple.product-type.application";
		};
/* End PBXNativeTarget section */

/* Begin PBXProject section */
		2764E7D12A9960F400A0A903 /* Project object */ = {
			isa = PBXProject;
			attributes = {
				BuildIndependentTargetsInParallel = 1;
				LastSwiftUpdateCheck = 1500;
				LastUpgradeCheck = 1500;
				TargetAttributes = {
					2764E7D82A9960F400A0A903 = {
						CreatedOnToolsVersion = 15.0;
					};
				};
			};
			buildConfigurationList = 2764E7D42A9960F400A0A903 /* Build configuration list for PBXProject "MaxGPT" */;
			compatibilityVersion = "Xcode 14.0";
			developmentRegion = en;
			hasScannedForEncodings = 0;
			knownRegions = (
				en,
				Base,
			);
			mainGroup = 2764E7D02A9960F400A0A903;
			packageReferences = (
				271A09EC2AA209C600C0870D /* XCRemoteSwiftPackageReference "OpenAI" */,
			);
			productRefGroup = 2764E7DA2A9960F400A0A903 /* Products */;
			projectDirPath = "";
			projectRoot = "";
			targets = (
				2764E7D82A9960F400A0A903 /* MaxGPT */,
			);
		};
/* End PBXProject section */

/* Begin PBXResourcesBuildPhase section */
		2764E7D72A9960F400A0A903 /* Resources */ = {
			isa = PBXResourcesBuildPhase;
			buildActionMask = 2147483647;
			files = (
				2764E7E42A9960F700A0A903 /* Preview Assets.xcassets in Resources */,
				2764E7E12A9960F700A0A903 /* Assets.xcassets in Resources */,
			);
			runOnlyForDeploymentPostprocessing = 0;
		};
/* End PBXResourcesBuildPhase section */

/* Begin PBXSourcesBuildPhase section */
		2764E7D52A9960F400A0A903 /* Sources */ = {
			isa = PBXSourcesBuildPhase;
			buildActionMask = 2147483647;
			files = (
				27A9FBEE2AA6C65600DB9C31 /* SettingsModel.swift in Sources */,
				2764E7FE2A9A6A7400A0A903 /* ExamplesView.swift in Sources */,
				27442FE32AA79F8B00209981 /* DynamicDotView.swift in Sources */,
				2764E7FC2A9A5CAD00A0A903 /* ExampleCardView.swift in Sources */,
				2764E7F92A9A473800A0A903 /* InputIconView.swift in Sources */,
				2764E7DF2A9960F400A0A903 /* MainView.swift in Sources */,
				271A09F22AA2341E00C0870D /* ChatViewModel.swift in Sources */,
				2764E80C2A9C19B600A0A903 /* PromptExample.swift in Sources */,
				2764E8032A9AD09500A0A903 /* ChatView.swift in Sources */,
				2764E8012A9A841900A0A903 /* MenuIconView.swift in Sources */,
				2764E8172A9D521E00A0A903 /* MenuItemView.swift in Sources */,
				2764E7F52A99D0DF00A0A903 /* ModelDetailsView.swift in Sources */,
				2764E7EC2A9979C100A0A903 /* ModelSelectorView.swift in Sources */,
				2764E80A2A9C136400A0A903 /* ModelButtonView.swift in Sources */,
				27C687462AA2AD62005D0246 /* ChatCardView.swift in Sources */,
				271A09E72AA1759400C0870D /* Setting.swift in Sources */,
				2764E8122A9D515C00A0A903 /* MenuView.swift in Sources */,
				2764E8052A9BEB3800A0A903 /* NavbarView.swift in Sources */,
				2764E7F02A9985E800A0A903 /* InputView.swift in Sources */,
				2764E8152A9D51A400A0A903 /* MenuItem.swift in Sources */,
				2764E7F32A99A2DF00A0A903 /* GPTModel.swift in Sources */,
				2764E8192A9F20E500A0A903 /* Orientation.swift in Sources */,
				2764E7DD2A9960F400A0A903 /* AppEntry.swift in Sources */,
				271A09E32AA1741600C0870D /* SettingsView.swift in Sources */,
			);
			runOnlyForDeploymentPostprocessing = 0;
		};
/* End PBXSourcesBuildPhase section */

/* Begin XCBuildConfiguration section */
		2764E7E52A9960F700A0A903 /* Debug */ = {
			isa = XCBuildConfiguration;
			buildSettings = {
				ALWAYS_SEARCH_USER_PATHS = NO;
				ASSETCATALOG_COMPILER_GENERATE_SWIFT_ASSET_SYMBOL_EXTENSIONS = YES;
				CLANG_ANALYZER_NONNULL = YES;
				CLANG_ANALYZER_NUMBER_OBJECT_CONVERSION = YES_AGGRESSIVE;
				CLANG_CXX_LANGUAGE_STANDARD = "gnu++20";
				CLANG_ENABLE_MODULES = YES;
				CLANG_ENABLE_OBJC_ARC = YES;
				CLANG_ENABLE_OBJC_WEAK = YES;
				CLANG_WARN_BLOCK_CAPTURE_AUTORELEASING = YES;
				CLANG_WARN_BOOL_CONVERSION = YES;
				CLANG_WARN_COMMA = YES;
				CLANG_WARN_CONSTANT_CONVERSION = YES;
				CLANG_WARN_DEPRECATED_OBJC_IMPLEMENTATIONS = YES;
				CLANG_WARN_DIRECT_OBJC_ISA_USAGE = YES_ERROR;
				CLANG_WARN_DOCUMENTATION_COMMENTS = YES;
				CLANG_WARN_EMPTY_BODY = YES;
				CLANG_WARN_ENUM_CONVERSION = YES;
				CLANG_WARN_INFINITE_RECURSION = YES;
				CLANG_WARN_INT_CONVERSION = YES;
				CLANG_WARN_NON_LITERAL_NULL_CONVERSION = YES;
				CLANG_WARN_OBJC_IMPLICIT_RETAIN_SELF = YES;
				CLANG_WARN_OBJC_LITERAL_CONVERSION = YES;
				CLANG_WARN_OBJC_ROOT_CLASS = YES_ERROR;
				CLANG_WARN_QUOTED_INCLUDE_IN_FRAMEWORK_HEADER = YES;
				CLANG_WARN_RANGE_LOOP_ANALYSIS = YES;
				CLANG_WARN_STRICT_PROTOTYPES = YES;
				CLANG_WARN_SUSPICIOUS_MOVE = YES;
				CLANG_WARN_UNGUARDED_AVAILABILITY = YES_AGGRESSIVE;
				CLANG_WARN_UNREACHABLE_CODE = YES;
				CLANG_WARN__DUPLICATE_METHOD_MATCH = YES;
				COPY_PHASE_STRIP = NO;
				DEBUG_INFORMATION_FORMAT = dwarf;
				ENABLE_STRICT_OBJC_MSGSEND = YES;
				ENABLE_TESTABILITY = YES;
				ENABLE_USER_SCRIPT_SANDBOXING = YES;
				GCC_C_LANGUAGE_STANDARD = gnu17;
				GCC_DYNAMIC_NO_PIC = NO;
				GCC_NO_COMMON_BLOCKS = YES;
				GCC_OPTIMIZATION_LEVEL = 0;
				GCC_PREPROCESSOR_DEFINITIONS = (
					"DEBUG=1",
					"$(inherited)",
				);
				GCC_WARN_64_TO_32_BIT_CONVERSION = YES;
				GCC_WARN_ABOUT_RETURN_TYPE = YES_ERROR;
				GCC_WARN_UNDECLARED_SELECTOR = YES;
				GCC_WARN_UNINITIALIZED_AUTOS = YES_AGGRESSIVE;
				GCC_WARN_UNUSED_FUNCTION = YES;
				GCC_WARN_UNUSED_VARIABLE = YES;
				IPHONEOS_DEPLOYMENT_TARGET = 17.0;
				LOCALIZATION_PREFERS_STRING_CATALOGS = YES;
				MTL_ENABLE_DEBUG_INFO = INCLUDE_SOURCE;
				MTL_FAST_MATH = YES;
				ONLY_ACTIVE_ARCH = YES;
				SDKROOT = iphoneos;
				SWIFT_ACTIVE_COMPILATION_CONDITIONS = "DEBUG $(inherited)";
				SWIFT_OPTIMIZATION_LEVEL = "-Onone";
			};
			name = Debug;
		};
		2764E7E62A9960F700A0A903 /* Release */ = {
			isa = XCBuildConfiguration;
			buildSettings = {
				ALWAYS_SEARCH_USER_PATHS = NO;
				ASSETCATALOG_COMPILER_GENERATE_SWIFT_ASSET_SYMBOL_EXTENSIONS = YES;
				CLANG_ANALYZER_NONNULL = YES;
				CLANG_ANALYZER_NUMBER_OBJECT_CONVERSION = YES_AGGRESSIVE;
				CLANG_CXX_LANGUAGE_STANDARD = "gnu++20";
				CLANG_ENABLE_MODULES = YES;
				CLANG_ENABLE_OBJC_ARC = YES;
				CLANG_ENABLE_OBJC_WEAK = YES;
				CLANG_WARN_BLOCK_CAPTURE_AUTORELEASING = YES;
				CLANG_WARN_BOOL_CONVERSION = YES;
				CLANG_WARN_COMMA = YES;
				CLANG_WARN_CONSTANT_CONVERSION = YES;
				CLANG_WARN_DEPRECATED_OBJC_IMPLEMENTATIONS = YES;
				CLANG_WARN_DIRECT_OBJC_ISA_USAGE = YES_ERROR;
				CLANG_WARN_DOCUMENTATION_COMMENTS = YES;
				CLANG_WARN_EMPTY_BODY = YES;
				CLANG_WARN_ENUM_CONVERSION = YES;
				CLANG_WARN_INFINITE_RECURSION = YES;
				CLANG_WARN_INT_CONVERSION = YES;
				CLANG_WARN_NON_LITERAL_NULL_CONVERSION = YES;
				CLANG_WARN_OBJC_IMPLICIT_RETAIN_SELF = YES;
				CLANG_WARN_OBJC_LITERAL_CONVERSION = YES;
				CLANG_WARN_OBJC_ROOT_CLASS = YES_ERROR;
				CLANG_WARN_QUOTED_INCLUDE_IN_FRAMEWORK_HEADER = YES;
				CLANG_WARN_RANGE_LOOP_ANALYSIS = YES;
				CLANG_WARN_STRICT_PROTOTYPES = YES;
				CLANG_WARN_SUSPICIOUS_MOVE = YES;
				CLANG_WARN_UNGUARDED_AVAILABILITY = YES_AGGRESSIVE;
				CLANG_WARN_UNREACHABLE_CODE = YES;
				CLANG_WARN__DUPLICATE_METHOD_MATCH = YES;
				COPY_PHASE_STRIP = NO;
				DEBUG_INFORMATION_FORMAT = "dwarf-with-dsym";
				ENABLE_NS_ASSERTIONS = NO;
				ENABLE_STRICT_OBJC_MSGSEND = YES;
				ENABLE_USER_SCRIPT_SANDBOXING = YES;
				GCC_C_LANGUAGE_STANDARD = gnu17;
				GCC_NO_COMMON_BLOCKS = YES;
				GCC_WARN_64_TO_32_BIT_CONVERSION = YES;
				GCC_WARN_ABOUT_RETURN_TYPE = YES_ERROR;
				GCC_WARN_UNDECLARED_SELECTOR = YES;
				GCC_WARN_UNINITIALIZED_AUTOS = YES_AGGRESSIVE;
				GCC_WARN_UNUSED_FUNCTION = YES;
				GCC_WARN_UNUSED_VARIABLE = YES;
				IPHONEOS_DEPLOYMENT_TARGET = 17.0;
				LOCALIZATION_PREFERS_STRING_CATALOGS = YES;
				MTL_ENABLE_DEBUG_INFO = NO;
				MTL_FAST_MATH = YES;
				SDKROOT = iphoneos;
				SWIFT_COMPILATION_MODE = wholemodule;
				VALIDATE_PRODUCT = YES;
			};
			name = Release;
		};
		2764E7E82A9960F700A0A903 /* Debug */ = {
			isa = XCBuildConfiguration;
			buildSettings = {
				ASSETCATALOG_COMPILER_APPICON_NAME = AppIcon;
				ASSETCATALOG_COMPILER_GLOBAL_ACCENT_COLOR_NAME = AccentColor;
				CODE_SIGN_STYLE = Automatic;
				CURRENT_PROJECT_VERSION = 1;
				DEVELOPMENT_ASSET_PATHS = "\"MaxGPT/Preview Content\"";
				DEVELOPMENT_TEAM = CKGXYS3R8N;
				ENABLE_PREVIEWS = YES;
				GENERATE_INFOPLIST_FILE = YES;
				INFOPLIST_FILE = MaxGPT/Info.plist;
				INFOPLIST_KEY_UIApplicationSceneManifest_Generation = YES;
				INFOPLIST_KEY_UIApplicationSupportsIndirectInputEvents = YES;
				INFOPLIST_KEY_UILaunchScreen_Generation = YES;
				INFOPLIST_KEY_UISupportedInterfaceOrientations_iPad = "UIInterfaceOrientationPortrait UIInterfaceOrientationPortraitUpsideDown UIInterfaceOrientationLandscapeLeft UIInterfaceOrientationLandscapeRight";
				INFOPLIST_KEY_UISupportedInterfaceOrientations_iPhone = "UIInterfaceOrientationPortrait UIInterfaceOrientationLandscapeLeft UIInterfaceOrientationLandscapeRight";
				LD_RUNPATH_SEARCH_PATHS = (
					"$(inherited)",
					"@executable_path/Frameworks",
				);
				MARKETING_VERSION = 1.0;
				PRODUCT_BUNDLE_IDENTIFIER = com.bucaa.MaxGPT;
				PRODUCT_NAME = "$(TARGET_NAME)";
				SWIFT_EMIT_LOC_STRINGS = YES;
				SWIFT_VERSION = 5.0;
				TARGETED_DEVICE_FAMILY = "1,2";
			};
			name = Debug;
		};
		2764E7E92A9960F700A0A903 /* Release */ = {
			isa = XCBuildConfiguration;
			buildSettings = {
				ASSETCATALOG_COMPILER_APPICON_NAME = AppIcon;
				ASSETCATALOG_COMPILER_GLOBAL_ACCENT_COLOR_NAME = AccentColor;
				CODE_SIGN_STYLE = Automatic;
				CURRENT_PROJECT_VERSION = 1;
				DEVELOPMENT_ASSET_PATHS = "\"MaxGPT/Preview Content\"";
				DEVELOPMENT_TEAM = CKGXYS3R8N;
				ENABLE_PREVIEWS = YES;
				GENERATE_INFOPLIST_FILE = YES;
				INFOPLIST_FILE = MaxGPT/Info.plist;
				INFOPLIST_KEY_UIApplicationSceneManifest_Generation = YES;
				INFOPLIST_KEY_UIApplicationSupportsIndirectInputEvents = YES;
				INFOPLIST_KEY_UILaunchScreen_Generation = YES;
				INFOPLIST_KEY_UISupportedInterfaceOrientations_iPad = "UIInterfaceOrientationPortrait UIInterfaceOrientationPortraitUpsideDown UIInterfaceOrientationLandscapeLeft UIInterfaceOrientationLandscapeRight";
				INFOPLIST_KEY_UISupportedInterfaceOrientations_iPhone = "UIInterfaceOrientationPortrait UIInterfaceOrientationLandscapeLeft UIInterfaceOrientationLandscapeRight";
				LD_RUNPATH_SEARCH_PATHS = (
					"$(inherited)",
					"@executable_path/Frameworks",
				);
				MARKETING_VERSION = 1.0;
				PRODUCT_BUNDLE_IDENTIFIER = com.bucaa.MaxGPT;
				PRODUCT_NAME = "$(TARGET_NAME)";
				SWIFT_EMIT_LOC_STRINGS = YES;
				SWIFT_VERSION = 5.0;
				TARGETED_DEVICE_FAMILY = "1,2";
			};
			name = Release;
		};
/* End XCBuildConfiguration section */

/* Begin XCConfigurationList section */
		2764E7D42A9960F400A0A903 /* Build configuration list for PBXProject "MaxGPT" */ = {
			isa = XCConfigurationList;
			buildConfigurations = (
				2764E7E52A9960F700A0A903 /* Debug */,
				2764E7E62A9960F700A0A903 /* Release */,
			);
			defaultConfigurationIsVisible = 0;
			defaultConfigurationName = Release;
		};
		2764E7E72A9960F700A0A903 /* Build configuration list for PBXNativeTarget "MaxGPT" */ = {
			isa = XCConfigurationList;
			buildConfigurations = (
				2764E7E82A9960F700A0A903 /* Debug */,
				2764E7E92A9960F700A0A903 /* Release */,
			);
			defaultConfigurationIsVisible = 0;
			defaultConfigurationName = Release;
		};
/* End XCConfigurationList section */

/* Begin XCRemoteSwiftPackageReference section */
		271A09EC2AA209C600C0870D /* XCRemoteSwiftPackageReference "OpenAI" */ = {
			isa = XCRemoteSwiftPackageReference;
			repositoryURL = "https://github.com/FuturraGroup/OpenAI.git";
			requirement = {
				kind = upToNextMajorVersion;
				minimumVersion = 1.6.0;
			};
		};
/* End XCRemoteSwiftPackageReference section */

/* Begin XCSwiftPackageProductDependency section */
		271A09ED2AA209C600C0870D /* OpenAIKit */ = {
			isa = XCSwiftPackageProductDependency;
			package = 271A09EC2AA209C600C0870D /* XCRemoteSwiftPackageReference "OpenAI" */;
			productName = OpenAIKit;
		};
/* End XCSwiftPackageProductDependency section */
	};
	rootObject = 2764E7D12A9960F400A0A903 /* Project object */;
}
